<?xml version="1.0" encoding="utf-8"?>
<Project ToolsVersion="4.0" xmlns="http://schemas.microsoft.com/developer/msbuild/2003">
  <ItemGroup>
    <Filter Include="source">
      <UniqueIdentifier>{58ef7faa-d469-416d-becf-b7c004ef07ab}</UniqueIdentifier>
    </Filter>
    <Filter Include="header">
      <UniqueIdentifier>{86d318b5-7356-42b9-a8b1-5184ff1eb1d3}</UniqueIdentifier>
    </Filter>
  </ItemGroup>
  <ItemGroup>
    <ClInclude Include="fs_ocornut_imgui.bin.h">
      <Filter>header</Filter>
    </ClInclude>
    <ClInclude Include="imconfig.h">
      <Filter>header</Filter>
    </ClInclude>
    <ClInclude Include="imgui.h">
      <Filter>header</Filter>
    </ClInclude>
    <ClInclude Include="imgui_impl_bgfx.h">
      <Filter>header</Filter>
    </ClInclude>
    <ClInclude Include="imgui_impl_glfw.h">
      <Filter>header</Filter>
    </ClInclude>
    <ClInclude Include="imgui_impl_win32.h">
      <Filter>header</Filter>
    </ClInclude>
    <ClInclude Include="imgui_internal.h">
      <Filter>header</Filter>
    </ClInclude>
    <ClInclude Include="imgui_stdlib.h">
      <Filter>header</Filter>
    </ClInclude>
    <ClInclude Include="imstb_rectpack.h">
      <Filter>header</Filter>
    </ClInclude>
    <ClInclude Include="imstb_textedit.h">
      <Filter>header</Filter>
    </ClInclude>
    <ClInclude Include="imstb_truetype.h">
      <Filter>header</Filter>
    </ClInclude>
    <ClInclude Include="vs_ocornut_imgui.bin.h">
      <Filter>header</Filter>
    </ClInclude>
  </ItemGroup>
  <ItemGroup>
    <ClCompile Include="imgui.cpp">
      <Filter>source</Filter>
    </ClCompile>
    <ClCompile Include="imgui_demo.cpp">
      <Filter>source</Filter>
    </ClCompile>
    <ClCompile Include="imgui_draw.cpp">
      <Filter>source</Filter>
    </ClCompile>
    <ClCompile Include="imgui_impl_bgfx.cpp">
      <Filter>source</Filter>
    </ClCompile>
    <ClCompile Include="imgui_impl_glfw.cpp">
      <Filter>source</Filter>
    </ClCompile>
    <ClCompile Include="imgui_impl_win32.cpp">
      <Filter>source</Filter>
    </ClCompile>
    <ClCompile Include="imgui_stdlib.cpp">
      <Filter>source</Filter>
    </ClCompile>
    <ClCompile Include="imgui_tables.cpp">
      <Filter>source</Filter>
    </ClCompile>
    <ClCompile Include="imgui_widgets.cpp">
      <Filter>source</Filter>
    </ClCompile>
  </ItemGroup>
</Project>