<?xml version="1.0" encoding="utf-8"?>
<Project ToolsVersion="4.0" xmlns="http://schemas.microsoft.com/developer/msbuild/2003">
  <ItemGroup>
    <Filter Include="header">
      <UniqueIdentifier>{46af5dd6-9790-4b94-8f5c-0812fa88c4fb}</UniqueIdentifier>
    </Filter>
    <Filter Include="source">
      <UniqueIdentifier>{efff9bf5-1e8a-4eee-b168-89847a3f6568}</UniqueIdentifier>
    </Filter>
  </ItemGroup>
  <ItemGroup>
    <ClInclude Include="Asset.hpp">
      <Filter>header</Filter>
    </ClInclude>
    <ClInclude Include="Package.hpp">
      <Filter>header</Filter>
    </ClInclude>
    <ClInclude Include="Content.hpp">
      <Filter>header</Filter>
    </ClInclude>
  </ItemGroup>
  <ItemGroup>
    <ClCompile Include="Package.cpp">
      <Filter>source</Filter>
    </ClCompile>
    <ClCompile Include="Content.cpp">
      <Filter>source</Filter>
    </ClCompile>
  </ItemGroup>
</Project>