<?xml version="1.0" encoding="utf-8"?>
<Project ToolsVersion="4.0" xmlns="http://schemas.microsoft.com/developer/msbuild/2003">
  <ItemGroup>
    <Filter Include="header">
      <UniqueIdentifier>{1669a783-9eab-4ea3-96dd-c4314bedd094}</UniqueIdentifier>
    </Filter>
    <Filter Include="source">
      <UniqueIdentifier>{6668d09b-fb2f-4f4e-ba2e-da87c6935ddf}</UniqueIdentifier>
    </Filter>
  </ItemGroup>
  <ItemGroup>
    <ClInclude Include="MaterialPrp.hpp">
      <Filter>header</Filter>
    </ClInclude>
    <ClInclude Include="Material.hpp">
      <Filter>header</Filter>
    </ClInclude>
    <ClInclude Include="MeshVertex.hpp">
      <Filter>header</Filter>
    </ClInclude>
    <ClInclude Include="MeshContainer.hpp">
      <Filter>header</Filter>
    </ClInclude>
    <ClInclude Include="Mesh.hpp">
      <Filter>header</Filter>
    </ClInclude>
  </ItemGroup>
  <ItemGroup>
    <ClCompile Include="Material.cpp">
      <Filter>source</Filter>
    </ClCompile>
    <ClCompile Include="Mesh.cpp">
      <Filter>source</Filter>
    </ClCompile>
  </ItemGroup>
</Project>