
Microsoft Visual Studio Solution File, Format Version 12.00
# Visual Studio Version 16
VisualStudioVersion = 16.0.32630.194
MinimumVisualStudioVersion = 10.0.40219.1
Project("{8BC9CEB8-8B4A-11D0-8D11-00A0C91BC942}") = "Core", "Core\Core.vcxproj", "{FC8F2851-8EA0-4635-9BDE-06B5F2B5274F}"
EndProject
Project("{8BC9CEB8-8B4A-11D0-8D11-00A0C91BC942}") = "ToyGame", "ToyGame\ToyGame.vcxproj", "{1DABE653-B1C7-4CFF-B3DD-72D0BB22719A}"
EndProject
Project("{8BC9CEB8-8B4A-11D0-8D11-00A0C91BC942}") = "SoLoud", "SoLoud\SoLoud.vcxproj", "{BEDB8E28-1C26-4BF0-81EB-1937F11907E2}"
EndProject
Project("{8BC9CEB8-8B4A-11D0-8D11-00A0C91BC942}") = "ImGui", "ImGui\ImGui.vcxproj", "{FA376707-4E80-4C73-BD63-54C97536E871}"
EndProject
Project("{8BC9CEB8-8B4A-11D0-8D11-00A0C91BC942}") = "ToyActor", "ToyActor\ToyActor.vcxproj", "{2B5DF8B6-92FF-4AAA-A389-61353346E713}"
EndProject
Project("{8BC9CEB8-8B4A-11D0-8D11-00A0C91BC942}") = "ToyPck", "ToyPck\ToyPck.vcxproj", "{2708082D-361B-42FE-B00B-B326275A2334}"
EndProject
Project("{2150E333-8FDC-42A3-9474-1A3956D46DE8}") = "Engine", "Engine", "{4C39E0C4-6AC1-4B69-B15E-0D3784040D88}"
EndProject
Project("{2150E333-8FDC-42A3-9474-1A3956D46DE8}") = "Examples", "Examples", "{433A860F-1EB6-4C5E-907D-A9EE0F7E6B13}"
EndProject
Project("{8BC9CEB8-8B4A-11D0-8D11-00A0C91BC942}") = "DemoApp", "Examples\DemoApp\DemoApp.vcxproj", "{A8F6DFB7-9E40-4653-AAD4-EDF5CD44CB84}"
EndProject
Project("{8BC9CEB8-8B4A-11D0-8D11-00A0C91BC942}") = "SceneTest", "Examples\SceneTest\SceneTest.vcxproj", "{DC63563F-A223-4DED-8631-5D944C7F734F}"
EndProject
Project("{8BC9CEB8-8B4A-11D0-8D11-00A0C91BC942}") = "ContentLoading", "Examples\ContentLoading\ContentLoading.vcxproj", "{AD1468B9-35A7-4EB5-9AA8-E52CDA9E18E0}"
EndProject
Project("{8BC9CEB8-8B4A-11D0-8D11-00A0C91BC942}") = "PackageCreation", "Examples\PackageCreation\PackageCreation.vcxproj", "{9CFC2277-B981-4B56-90B2-47EBEB7179FE}"
EndProject
Project("{8BC9CEB8-8B4A-11D0-8D11-00A0C91BC942}") = "3dmod", "3dmod\3dmod.vcxproj", "{BA08DC8A-BBE6-484F-B5CD-1779BDD6644F}"
EndProject
Project("{8BC9CEB8-8B4A-11D0-8D11-00A0C91BC942}") = "3dTest", "Examples\3dTest\3dTest.vcxproj", "{9971709F-D673-497A-8920-42F7A692989C}"
EndProject
Project("{8BC9CEB8-8B4A-11D0-8D11-00A0C91BC942}") = "AudioTest", "Examples\AudioTest\AudioTest.vcxproj", "{B674E6A3-3CD3-4A23-9EE3-7F34C2AAD450}"
EndProject
Global
	GlobalSection(SolutionConfigurationPlatforms) = preSolution
		Debug|x64 = Debug|x64
		Release|x64 = Release|x64
	EndGlobalSection
	GlobalSection(ProjectConfigurationPlatforms) = postSolution
		{FC8F2851-8EA0-4635-9BDE-06B5F2B5274F}.Debug|x64.ActiveCfg = Debug|x64
		{FC8F2851-8EA0-4635-9BDE-06B5F2B5274F}.Debug|x64.Build.0 = Debug|x64
		{FC8F2851-8EA0-4635-9BDE-06B5F2B5274F}.Release|x64.ActiveCfg = Release|x64
		{FC8F2851-8EA0-4635-9BDE-06B5F2B5274F}.Release|x64.Build.0 = Release|x64
		{1DABE653-B1C7-4CFF-B3DD-72D0BB22719A}.Debug|x64.ActiveCfg = Debug|x64
		{1DABE653-B1C7-4CFF-B3DD-72D0BB22719A}.Debug|x64.Build.0 = Debug|x64
		{1DABE653-B1C7-4CFF-B3DD-72D0BB22719A}.Release|x64.ActiveCfg = Release|x64
		{1DABE653-B1C7-4CFF-B3DD-72D0BB22719A}.Release|x64.Build.0 = Release|x64
		{BEDB8E28-1C26-4BF0-81EB-1937F11907E2}.Debug|x64.ActiveCfg = Debug|x64
		{BEDB8E28-1C26-4BF0-81EB-1937F11907E2}.Debug|x64.Build.0 = Debug|x64
		{BEDB8E28-1C26-4BF0-81EB-1937F11907E2}.Release|x64.ActiveCfg = Release|x64
		{BEDB8E28-1C26-4BF0-81EB-1937F11907E2}.Release|x64.Build.0 = Release|x64
		{FA376707-4E80-4C73-BD63-54C97536E871}.Debug|x64.ActiveCfg = Debug|x64
		{FA376707-4E80-4C73-BD63-54C97536E871}.Debug|x64.Build.0 = Debug|x64
		{FA376707-4E80-4C73-BD63-54C97536E871}.Release|x64.ActiveCfg = Release|x64
		{FA376707-4E80-4C73-BD63-54C97536E871}.Release|x64.Build.0 = Release|x64
		{2B5DF8B6-92FF-4AAA-A389-61353346E713}.Debug|x64.ActiveCfg = Debug|x64
		{2B5DF8B6-92FF-4AAA-A389-61353346E713}.Debug|x64.Build.0 = Debug|x64
		{2B5DF8B6-92FF-4AAA-A389-61353346E713}.Release|x64.ActiveCfg = Release|x64
		{2B5DF8B6-92FF-4AAA-A389-61353346E713}.Release|x64.Build.0 = Release|x64
		{2708082D-361B-42FE-B00B-B326275A2334}.Debug|x64.ActiveCfg = Debug|x64
		{2708082D-361B-42FE-B00B-B326275A2334}.Debug|x64.Build.0 = Debug|x64
		{2708082D-361B-42FE-B00B-B326275A2334}.Release|x64.ActiveCfg = Release|x64
		{2708082D-361B-42FE-B00B-B326275A2334}.Release|x64.Build.0 = Release|x64
		{A8F6DFB7-9E40-4653-AAD4-EDF5CD44CB84}.Debug|x64.ActiveCfg = Debug|x64
		{A8F6DFB7-9E40-4653-AAD4-EDF5CD44CB84}.Debug|x64.Build.0 = Debug|x64
		{A8F6DFB7-9E40-4653-AAD4-EDF5CD44CB84}.Release|x64.ActiveCfg = Release|x64
		{A8F6DFB7-9E40-4653-AAD4-EDF5CD44CB84}.Release|x64.Build.0 = Release|x64
		{DC63563F-A223-4DED-8631-5D944C7F734F}.Debug|x64.ActiveCfg = Debug|x64
		{DC63563F-A223-4DED-8631-5D944C7F734F}.Debug|x64.Build.0 = Debug|x64
		{DC63563F-A223-4DED-8631-5D944C7F734F}.Release|x64.ActiveCfg = Release|x64
		{DC63563F-A223-4DED-8631-5D944C7F734F}.Release|x64.Build.0 = Release|x64
		{AD1468B9-35A7-4EB5-9AA8-E52CDA9E18E0}.Debug|x64.ActiveCfg = Debug|x64
		{AD1468B9-35A7-4EB5-9AA8-E52CDA9E18E0}.Debug|x64.Build.0 = Debug|x64
		{AD1468B9-35A7-4EB5-9AA8-E52CDA9E18E0}.Release|x64.ActiveCfg = Release|x64
		{AD1468B9-35A7-4EB5-9AA8-E52CDA9E18E0}.Release|x64.Build.0 = Release|x64
		{9CFC2277-B981-4B56-90B2-47EBEB7179FE}.Debug|x64.ActiveCfg = Debug|x64
		{9CFC2277-B981-4B56-90B2-47EBEB7179FE}.Debug|x64.Build.0 = Debug|x64
		{9CFC2277-B981-4B56-90B2-47EBEB7179FE}.Release|x64.ActiveCfg = Release|x64
		{9CFC2277-B981-4B56-90B2-47EBEB7179FE}.Release|x64.Build.0 = Release|x64
		{BA08DC8A-BBE6-484F-B5CD-1779BDD6644F}.Debug|x64.ActiveCfg = Debug|x64
		{BA08DC8A-BBE6-484F-B5CD-1779BDD6644F}.Debug|x64.Build.0 = Debug|x64
		{BA08DC8A-BBE6-484F-B5CD-1779BDD6644F}.Release|x64.ActiveCfg = Release|x64
		{BA08DC8A-BBE6-484F-B5CD-1779BDD6644F}.Release|x64.Build.0 = Release|x64
		{9971709F-D673-497A-8920-42F7A692989C}.Debug|x64.ActiveCfg = Debug|x64
		{9971709F-D673-497A-8920-42F7A692989C}.Debug|x64.Build.0 = Debug|x64
		{9971709F-D673-497A-8920-42F7A692989C}.Release|x64.ActiveCfg = Release|x64
		{9971709F-D673-497A-8920-42F7A692989C}.Release|x64.Build.0 = Release|x64
		{B674E6A3-3CD3-4A23-9EE3-7F34C2AAD450}.Debug|x64.ActiveCfg = Debug|x64
		{B674E6A3-3CD3-4A23-9EE3-7F34C2AAD450}.Debug|x64.Build.0 = Debug|x64
		{B674E6A3-3CD3-4A23-9EE3-7F34C2AAD450}.Release|x64.ActiveCfg = Release|x64
		{B674E6A3-3CD3-4A23-9EE3-7F34C2AAD450}.Release|x64.Build.0 = Release|x64
	EndGlobalSection
	GlobalSection(SolutionProperties) = preSolution
		HideSolutionNode = FALSE
	EndGlobalSection
	GlobalSection(NestedProjects) = preSolution
		{FC8F2851-8EA0-4635-9BDE-06B5F2B5274F} = {4C39E0C4-6AC1-4B69-B15E-0D3784040D88}
		{1DABE653-B1C7-4CFF-B3DD-72D0BB22719A} = {4C39E0C4-6AC1-4B69-B15E-0D3784040D88}
		{BEDB8E28-1C26-4BF0-81EB-1937F11907E2} = {4C39E0C4-6AC1-4B69-B15E-0D3784040D88}
		{FA376707-4E80-4C73-BD63-54C97536E871} = {4C39E0C4-6AC1-4B69-B15E-0D3784040D88}
		{2B5DF8B6-92FF-4AAA-A389-61353346E713} = {4C39E0C4-6AC1-4B69-B15E-0D3784040D88}
		{2708082D-361B-42FE-B00B-B326275A2334} = {4C39E0C4-6AC1-4B69-B15E-0D3784040D88}
		{A8F6DFB7-9E40-4653-AAD4-EDF5CD44CB84} = {433A860F-1EB6-4C5E-907D-A9EE0F7E6B13}
		{DC63563F-A223-4DED-8631-5D944C7F734F} = {433A860F-1EB6-4C5E-907D-A9EE0F7E6B13}
		{AD1468B9-35A7-4EB5-9AA8-E52CDA9E18E0} = {433A860F-1EB6-4C5E-907D-A9EE0F7E6B13}
		{9CFC2277-B981-4B56-90B2-47EBEB7179FE} = {433A860F-1EB6-4C5E-907D-A9EE0F7E6B13}
		{BA08DC8A-BBE6-484F-B5CD-1779BDD6644F} = {4C39E0C4-6AC1-4B69-B15E-0D3784040D88}
		{9971709F-D673-497A-8920-42F7A692989C} = {433A860F-1EB6-4C5E-907D-A9EE0F7E6B13}
		{B674E6A3-3CD3-4A23-9EE3-7F34C2AAD450} = {433A860F-1EB6-4C5E-907D-A9EE0F7E6B13}
	EndGlobalSection
	GlobalSection(ExtensibilityGlobals) = postSolution
		SolutionGuid = {BCE68221-412F-4C91-9524-8A3640C792A5}
	EndGlobalSection
EndGlobal
