<?xml version="1.0" encoding="utf-8"?>
<Project ToolsVersion="4.0" xmlns="http://schemas.microsoft.com/developer/msbuild/2003">
  <ItemGroup>
    <Filter Include="header">
      <UniqueIdentifier>{ba888e79-395f-4696-a32a-79daf4e22778}</UniqueIdentifier>
    </Filter>
    <Filter Include="source">
      <UniqueIdentifier>{4e6c098d-36d6-41f5-9ec8-ab1b8b91eb45}</UniqueIdentifier>
    </Filter>
  </ItemGroup>
  <ItemGroup>
    <ClInclude Include="Property.hpp">
      <Filter>header</Filter>
    </ClInclude>
    <ClInclude Include="Component.hpp">
      <Filter>header</Filter>
    </ClInclude>
    <ClInclude Include="Actor.hpp">
      <Filter>header</Filter>
    </ClInclude>
    <ClInclude Include="ComponentFactory.hpp">
      <Filter>header</Filter>
    </ClInclude>
    <ClInclude Include="Object.hpp">
      <Filter>header</Filter>
    </ClInclude>
    <ClInclude Include="Scene.hpp">
      <Filter>header</Filter>
    </ClInclude>
  </ItemGroup>
  <ItemGroup>
    <ClCompile Include="Component.cpp">
      <Filter>source</Filter>
    </ClCompile>
    <ClCompile Include="Actor.cpp">
      <Filter>source</Filter>
    </ClCompile>
    <ClCompile Include="ComponentFactory.cpp">
      <Filter>source</Filter>
    </ClCompile>
    <ClCompile Include="Object.cpp">
      <Filter>source</Filter>
    </ClCompile>
    <ClCompile Include="Scene.cpp">
      <Filter>source</Filter>
    </ClCompile>
  </ItemGroup>
</Project>