<?xml version="1.0" encoding="utf-8"?>
<Project ToolsVersion="4.0" xmlns="http://schemas.microsoft.com/developer/msbuild/2003">
  <ItemGroup>
    <Filter Include="header">
      <UniqueIdentifier>{a5f3b8b5-bc54-4b1f-8fd5-b0875e4d738d}</UniqueIdentifier>
    </Filter>
    <Filter Include="source">
      <UniqueIdentifier>{cbf8a346-d919-4554-9496-14cbadd42527}</UniqueIdentifier>
    </Filter>
  </ItemGroup>
  <ItemGroup>
    <ClInclude Include="darray.h">
      <Filter>header</Filter>
    </ClInclude>
    <ClInclude Include="dr_flac.h">
      <Filter>header</Filter>
    </ClInclude>
    <ClInclude Include="dr_mp3.h">
      <Filter>header</Filter>
    </ClInclude>
    <ClInclude Include="dr_wav.h">
      <Filter>header</Filter>
    </ClInclude>
    <ClInclude Include="klatt.h">
      <Filter>header</Filter>
    </ClInclude>
    <ClInclude Include="miniaudio.h">
      <Filter>header</Filter>
    </ClInclude>
    <ClInclude Include="resonator.h">
      <Filter>header</Filter>
    </ClInclude>
    <ClInclude Include="sid.h">
      <Filter>header</Filter>
    </ClInclude>
    <ClInclude Include="soloud.h">
      <Filter>header</Filter>
    </ClInclude>
    <ClInclude Include="soloud_audiosource.h">
      <Filter>header</Filter>
    </ClInclude>
    <ClInclude Include="soloud_bassboostfilter.h">
      <Filter>header</Filter>
    </ClInclude>
    <ClInclude Include="soloud_biquadresonantfilter.h">
      <Filter>header</Filter>
    </ClInclude>
    <ClInclude Include="soloud_bus.h">
      <Filter>header</Filter>
    </ClInclude>
    <ClInclude Include="soloud_c.h">
      <Filter>header</Filter>
    </ClInclude>
    <ClInclude Include="soloud_dcremovalfilter.h">
      <Filter>header</Filter>
    </ClInclude>
    <ClInclude Include="soloud_echofilter.h">
      <Filter>header</Filter>
    </ClInclude>
    <ClInclude Include="soloud_error.h">
      <Filter>header</Filter>
    </ClInclude>
    <ClInclude Include="soloud_fader.h">
      <Filter>header</Filter>
    </ClInclude>
    <ClInclude Include="soloud_fft.h">
      <Filter>header</Filter>
    </ClInclude>
    <ClInclude Include="soloud_fftfilter.h">
      <Filter>header</Filter>
    </ClInclude>
    <ClInclude Include="soloud_file.h">
      <Filter>header</Filter>
    </ClInclude>
    <ClInclude Include="soloud_file_hack_off.h">
      <Filter>header</Filter>
    </ClInclude>
    <ClInclude Include="soloud_file_hack_on.h">
      <Filter>header</Filter>
    </ClInclude>
    <ClInclude Include="soloud_filter.h">
      <Filter>header</Filter>
    </ClInclude>
    <ClInclude Include="soloud_flangerfilter.h">
      <Filter>header</Filter>
    </ClInclude>
    <ClInclude Include="soloud_freeverbfilter.h">
      <Filter>header</Filter>
    </ClInclude>
    <ClInclude Include="soloud_internal.h">
      <Filter>header</Filter>
    </ClInclude>
    <ClInclude Include="soloud_lofifilter.h">
      <Filter>header</Filter>
    </ClInclude>
    <ClInclude Include="soloud_misc.h">
      <Filter>header</Filter>
    </ClInclude>
    <ClInclude Include="soloud_monotone.h">
      <Filter>header</Filter>
    </ClInclude>
    <ClInclude Include="soloud_noise.h">
      <Filter>header</Filter>
    </ClInclude>
    <ClInclude Include="soloud_openmpt.h">
      <Filter>header</Filter>
    </ClInclude>
    <ClInclude Include="soloud_queue.h">
      <Filter>header</Filter>
    </ClInclude>
    <ClInclude Include="soloud_robotizefilter.h">
      <Filter>header</Filter>
    </ClInclude>
    <ClInclude Include="soloud_sfxr.h">
      <Filter>header</Filter>
    </ClInclude>
    <ClInclude Include="soloud_speech.h">
      <Filter>header</Filter>
    </ClInclude>
    <ClInclude Include="soloud_tedsid.h">
      <Filter>header</Filter>
    </ClInclude>
    <ClInclude Include="soloud_thread.h">
      <Filter>header</Filter>
    </ClInclude>
    <ClInclude Include="soloud_vic.h">
      <Filter>header</Filter>
    </ClInclude>
    <ClInclude Include="soloud_vizsn.h">
      <Filter>header</Filter>
    </ClInclude>
    <ClInclude Include="soloud_wav.h">
      <Filter>header</Filter>
    </ClInclude>
    <ClInclude Include="soloud_waveshaperfilter.h">
      <Filter>header</Filter>
    </ClInclude>
    <ClInclude Include="soloud_wavstream.h">
      <Filter>header</Filter>
    </ClInclude>
    <ClInclude Include="stb_vorbis.h">
      <Filter>header</Filter>
    </ClInclude>
    <ClInclude Include="ted.h">
      <Filter>header</Filter>
    </ClInclude>
    <ClInclude Include="tts.h">
      <Filter>header</Filter>
    </ClInclude>
  </ItemGroup>
  <ItemGroup>
    <ClCompile Include="soloud_openal_dll.c">
      <Filter>header</Filter>
    </ClCompile>
    <ClCompile Include="soloud_openmpt_dll.c">
      <Filter>header</Filter>
    </ClCompile>
    <ClCompile Include="soloud_portaudio_dll.c">
      <Filter>header</Filter>
    </ClCompile>
    <ClCompile Include="soloud_sdl1_dll.c">
      <Filter>header</Filter>
    </ClCompile>
    <ClCompile Include="soloud_sdl2_dll.c">
      <Filter>header</Filter>
    </ClCompile>
    <ClCompile Include="stb_vorbis.c">
      <Filter>header</Filter>
    </ClCompile>
    <ClCompile Include="darray.cpp">
      <Filter>source</Filter>
    </ClCompile>
    <ClCompile Include="dr_impl.cpp">
      <Filter>source</Filter>
    </ClCompile>
    <ClCompile Include="klatt.cpp">
      <Filter>source</Filter>
    </ClCompile>
    <ClCompile Include="resonator.cpp">
      <Filter>source</Filter>
    </ClCompile>
    <ClCompile Include="sid.cpp">
      <Filter>source</Filter>
    </ClCompile>
    <ClCompile Include="soloud.cpp">
      <Filter>source</Filter>
    </ClCompile>
    <ClCompile Include="soloud_alsa.cpp">
      <Filter>source</Filter>
    </ClCompile>
    <ClCompile Include="soloud_audiosource.cpp">
      <Filter>source</Filter>
    </ClCompile>
    <ClCompile Include="soloud_bassboostfilter.cpp">
      <Filter>source</Filter>
    </ClCompile>
    <ClCompile Include="soloud_biquadresonantfilter.cpp">
      <Filter>source</Filter>
    </ClCompile>
    <ClCompile Include="soloud_bus.cpp">
      <Filter>source</Filter>
    </ClCompile>
    <ClCompile Include="soloud_c.cpp">
      <Filter>source</Filter>
    </ClCompile>
    <ClCompile Include="soloud_core_3d.cpp">
      <Filter>source</Filter>
    </ClCompile>
    <ClCompile Include="soloud_core_basicops.cpp">
      <Filter>source</Filter>
    </ClCompile>
    <ClCompile Include="soloud_core_faderops.cpp">
      <Filter>source</Filter>
    </ClCompile>
    <ClCompile Include="soloud_core_filterops.cpp">
      <Filter>source</Filter>
    </ClCompile>
    <ClCompile Include="soloud_core_getters.cpp">
      <Filter>source</Filter>
    </ClCompile>
    <ClCompile Include="soloud_core_setters.cpp">
      <Filter>source</Filter>
    </ClCompile>
    <ClCompile Include="soloud_core_voicegroup.cpp">
      <Filter>source</Filter>
    </ClCompile>
    <ClCompile Include="soloud_core_voiceops.cpp">
      <Filter>source</Filter>
    </ClCompile>
    <ClCompile Include="soloud_coreaudio.cpp">
      <Filter>source</Filter>
    </ClCompile>
    <ClCompile Include="soloud_dcremovalfilter.cpp">
      <Filter>source</Filter>
    </ClCompile>
    <ClCompile Include="soloud_echofilter.cpp">
      <Filter>source</Filter>
    </ClCompile>
    <ClCompile Include="soloud_fader.cpp">
      <Filter>source</Filter>
    </ClCompile>
    <ClCompile Include="soloud_fft.cpp">
      <Filter>source</Filter>
    </ClCompile>
    <ClCompile Include="soloud_fft_lut.cpp">
      <Filter>source</Filter>
    </ClCompile>
    <ClCompile Include="soloud_fftfilter.cpp">
      <Filter>source</Filter>
    </ClCompile>
    <ClCompile Include="soloud_file.cpp">
      <Filter>source</Filter>
    </ClCompile>
    <ClCompile Include="soloud_filter.cpp">
      <Filter>source</Filter>
    </ClCompile>
    <ClCompile Include="soloud_flangerfilter.cpp">
      <Filter>source</Filter>
    </ClCompile>
    <ClCompile Include="soloud_freeverbfilter.cpp">
      <Filter>source</Filter>
    </ClCompile>
    <ClCompile Include="soloud_jack.cpp">
      <Filter>source</Filter>
    </ClCompile>
    <ClCompile Include="soloud_lofifilter.cpp">
      <Filter>source</Filter>
    </ClCompile>
    <ClCompile Include="soloud_miniaudio.cpp">
      <Filter>source</Filter>
    </ClCompile>
    <ClCompile Include="soloud_misc.cpp">
      <Filter>source</Filter>
    </ClCompile>
    <ClCompile Include="soloud_monotone.cpp">
      <Filter>source</Filter>
    </ClCompile>
    <ClCompile Include="soloud_noise.cpp">
      <Filter>source</Filter>
    </ClCompile>
    <ClCompile Include="soloud_nosound.cpp">
      <Filter>source</Filter>
    </ClCompile>
    <ClCompile Include="soloud_null.cpp">
      <Filter>source</Filter>
    </ClCompile>
    <ClCompile Include="soloud_openal.cpp">
      <Filter>source</Filter>
    </ClCompile>
    <ClCompile Include="soloud_openmpt.cpp">
      <Filter>source</Filter>
    </ClCompile>
    <ClCompile Include="soloud_opensles.cpp">
      <Filter>source</Filter>
    </ClCompile>
    <ClCompile Include="soloud_oss.cpp">
      <Filter>source</Filter>
    </ClCompile>
    <ClCompile Include="soloud_portaudio.cpp">
      <Filter>source</Filter>
    </ClCompile>
    <ClCompile Include="soloud_queue.cpp">
      <Filter>source</Filter>
    </ClCompile>
    <ClCompile Include="soloud_robotizefilter.cpp">
      <Filter>source</Filter>
    </ClCompile>
    <ClCompile Include="soloud_sdl_static.cpp">
      <Filter>source</Filter>
    </ClCompile>
    <ClCompile Include="soloud_sdl1.cpp">
      <Filter>source</Filter>
    </ClCompile>
    <ClCompile Include="soloud_sdl2.cpp">
      <Filter>source</Filter>
    </ClCompile>
    <ClCompile Include="soloud_sdl2_static.cpp">
      <Filter>source</Filter>
    </ClCompile>
    <ClCompile Include="soloud_sfxr.cpp">
      <Filter>source</Filter>
    </ClCompile>
    <ClCompile Include="soloud_speech.cpp">
      <Filter>source</Filter>
    </ClCompile>
    <ClCompile Include="soloud_tedsid.cpp">
      <Filter>source</Filter>
    </ClCompile>
    <ClCompile Include="soloud_thread.cpp">
      <Filter>source</Filter>
    </ClCompile>
    <ClCompile Include="soloud_vic.cpp">
      <Filter>source</Filter>
    </ClCompile>
    <ClCompile Include="soloud_vizsn.cpp">
      <Filter>source</Filter>
    </ClCompile>
    <ClCompile Include="soloud_wasapi.cpp">
      <Filter>source</Filter>
    </ClCompile>
    <ClCompile Include="soloud_wav.cpp">
      <Filter>source</Filter>
    </ClCompile>
    <ClCompile Include="soloud_waveshaperfilter.cpp">
      <Filter>source</Filter>
    </ClCompile>
    <ClCompile Include="soloud_wavstream.cpp">
      <Filter>source</Filter>
    </ClCompile>
    <ClCompile Include="soloud_winmm.cpp">
      <Filter>source</Filter>
    </ClCompile>
    <ClCompile Include="soloud_xaudio2.cpp">
      <Filter>source</Filter>
    </ClCompile>
    <ClCompile Include="ted.cpp">
      <Filter>source</Filter>
    </ClCompile>
    <ClCompile Include="tts.cpp">
      <Filter>source</Filter>
    </ClCompile>
  </ItemGroup>
</Project>