
Microsoft Visual Studio Solution File, Format Version 12.00
# Visual Studio Version 17
VisualStudioVersion = 17.10.35027.167
MinimumVisualStudioVersion = 10.0.40219.1
Project("{2150E333-8FDC-42A3-9474-1A3956D46DE8}") = "Engine", "Engine", "{C2AEF602-BEF7-422C-9B62-AAB63E527D47}"
EndProject
Project("{8BC9CEB8-8B4A-11D0-8D11-00A0C91BC942}") = "Core", "Core\Core.vcxproj", "{857BDEFF-24B2-4960-B68D-78E07A334118}"
EndProject
Project("{8BC9CEB8-8B4A-11D0-8D11-00A0C91BC942}") = "Engine", "Engine\Engine.vcxproj", "{C96FEFC3-2B55-4E2F-98EA-8FA8EB420ECB}"
	ProjectSection(ProjectDependencies) = postProject
		{857BDEFF-24B2-4960-B68D-78E07A334118} = {857BDEFF-24B2-4960-B68D-78E07A334118}
		{BEDB8E28-1C26-4BF0-81EB-1937F11907E2} = {BEDB8E28-1C26-4BF0-81EB-1937F11907E2}
		{FA376707-4E80-4C73-BD63-54C97536E871} = {FA376707-4E80-4C73-BD63-54C97536E871}
	EndProjectSection
EndProject
Project("{2150E333-8FDC-42A3-9474-1A3956D46DE8}") = "thirdparty", "thirdparty", "{237DBC77-05CD-49E6-B23F-FB6FD2E3B423}"
EndProject
Project("{8BC9CEB8-8B4A-11D0-8D11-00A0C91BC942}") = "SoLoud", "SoLoud\SoLoud.vcxproj", "{BEDB8E28-1C26-4BF0-81EB-1937F11907E2}"
EndProject
Project("{8BC9CEB8-8B4A-11D0-8D11-00A0C91BC942}") = "Content", "Content\Content.vcxproj", "{51802984-3AD1-44E8-9707-D6B59D70DB77}"
	ProjectSection(ProjectDependencies) = postProject
		{857BDEFF-24B2-4960-B68D-78E07A334118} = {857BDEFF-24B2-4960-B68D-78E07A334118}
	EndProjectSection
EndProject
Project("{8BC9CEB8-8B4A-11D0-8D11-00A0C91BC942}") = "3dmod", "3dmod\3dmod.vcxproj", "{7F37FC2E-E741-419F-B9C0-1D1D5F6EDDC2}"
	ProjectSection(ProjectDependencies) = postProject
		{857BDEFF-24B2-4960-B68D-78E07A334118} = {857BDEFF-24B2-4960-B68D-78E07A334118}
		{C96FEFC3-2B55-4E2F-98EA-8FA8EB420ECB} = {C96FEFC3-2B55-4E2F-98EA-8FA8EB420ECB}
		{FA376707-4E80-4C73-BD63-54C97536E871} = {FA376707-4E80-4C73-BD63-54C97536E871}
	EndProjectSection
EndProject
Project("{2150E333-8FDC-42A3-9474-1A3956D46DE8}") = "Engine Examples", "Engine Examples", "{34661AE6-4F38-4758-93F4-83EE8D3D67CA}"
EndProject
Project("{8BC9CEB8-8B4A-11D0-8D11-00A0C91BC942}") = "DemoApp", "Examples\DemoApp\DemoApp.vcxproj", "{A8F6DFB7-9E40-4653-AAD4-EDF5CD44CB84}"
	ProjectSection(ProjectDependencies) = postProject
		{51802984-3AD1-44E8-9707-D6B59D70DB77} = {51802984-3AD1-44E8-9707-D6B59D70DB77}
		{7F37FC2E-E741-419F-B9C0-1D1D5F6EDDC2} = {7F37FC2E-E741-419F-B9C0-1D1D5F6EDDC2}
		{857BDEFF-24B2-4960-B68D-78E07A334118} = {857BDEFF-24B2-4960-B68D-78E07A334118}
		{BEDB8E28-1C26-4BF0-81EB-1937F11907E2} = {BEDB8E28-1C26-4BF0-81EB-1937F11907E2}
		{C96FEFC3-2B55-4E2F-98EA-8FA8EB420ECB} = {C96FEFC3-2B55-4E2F-98EA-8FA8EB420ECB}
		{FA376707-4E80-4C73-BD63-54C97536E871} = {FA376707-4E80-4C73-BD63-54C97536E871}
	EndProjectSection
EndProject
Project("{8BC9CEB8-8B4A-11D0-8D11-00A0C91BC942}") = "3dTest", "Examples\3dTest\3dTest.vcxproj", "{9971709F-D673-497A-8920-42F7A692989C}"
	ProjectSection(ProjectDependencies) = postProject
		{A8F6DFB7-9E40-4653-AAD4-EDF5CD44CB84} = {A8F6DFB7-9E40-4653-AAD4-EDF5CD44CB84}
	EndProjectSection
EndProject
Project("{8BC9CEB8-8B4A-11D0-8D11-00A0C91BC942}") = "2DInstancing", "Examples\2DInstancing\2DInstancing.vcxproj", "{24CF7737-1B13-4C3D-8847-D9661D294FDE}"
	ProjectSection(ProjectDependencies) = postProject
		{A8F6DFB7-9E40-4653-AAD4-EDF5CD44CB84} = {A8F6DFB7-9E40-4653-AAD4-EDF5CD44CB84}
	EndProjectSection
EndProject
Project("{8BC9CEB8-8B4A-11D0-8D11-00A0C91BC942}") = "AtlasRendering", "Examples\AtlasRendering\AtlasRendering.vcxproj", "{9E73A4F0-8E93-4FB0-AD94-FDFFEA78AA86}"
	ProjectSection(ProjectDependencies) = postProject
		{A8F6DFB7-9E40-4653-AAD4-EDF5CD44CB84} = {A8F6DFB7-9E40-4653-AAD4-EDF5CD44CB84}
	EndProjectSection
EndProject
Project("{8BC9CEB8-8B4A-11D0-8D11-00A0C91BC942}") = "AudioTest", "Examples\AudioTest\AudioTest.vcxproj", "{B674E6A3-3CD3-4A23-9EE3-7F34C2AAD450}"
	ProjectSection(ProjectDependencies) = postProject
		{A8F6DFB7-9E40-4653-AAD4-EDF5CD44CB84} = {A8F6DFB7-9E40-4653-AAD4-EDF5CD44CB84}
	EndProjectSection
EndProject
Project("{8BC9CEB8-8B4A-11D0-8D11-00A0C91BC942}") = "ContentLoading", "Examples\ContentLoading\ContentLoading.vcxproj", "{AD1468B9-35A7-4EB5-9AA8-E52CDA9E18E0}"
	ProjectSection(ProjectDependencies) = postProject
		{A8F6DFB7-9E40-4653-AAD4-EDF5CD44CB84} = {A8F6DFB7-9E40-4653-AAD4-EDF5CD44CB84}
	EndProjectSection
EndProject
Project("{8BC9CEB8-8B4A-11D0-8D11-00A0C91BC942}") = "GamepadTest", "Examples\GamepadTest\GamepadTest.vcxproj", "{6A0181E3-1197-4480-AB02-DF882EF7DEFC}"
	ProjectSection(ProjectDependencies) = postProject
		{A8F6DFB7-9E40-4653-AAD4-EDF5CD44CB84} = {A8F6DFB7-9E40-4653-AAD4-EDF5CD44CB84}
	EndProjectSection
EndProject
Project("{8BC9CEB8-8B4A-11D0-8D11-00A0C91BC942}") = "Instancing", "Examples\Instancing\Instancing.vcxproj", "{A270947F-78DE-4026-998F-4DC07A71D86F}"
	ProjectSection(ProjectDependencies) = postProject
		{A8F6DFB7-9E40-4653-AAD4-EDF5CD44CB84} = {A8F6DFB7-9E40-4653-AAD4-EDF5CD44CB84}
	EndProjectSection
EndProject
Project("{8BC9CEB8-8B4A-11D0-8D11-00A0C91BC942}") = "InstancingPreCalc", "Examples\InstancingPreCalc\InstancingPreCalc.vcxproj", "{A61A1C0B-D43D-4488-A9B3-4F6763CB3745}"
	ProjectSection(ProjectDependencies) = postProject
		{A8F6DFB7-9E40-4653-AAD4-EDF5CD44CB84} = {A8F6DFB7-9E40-4653-AAD4-EDF5CD44CB84}
	EndProjectSection
EndProject
Project("{8BC9CEB8-8B4A-11D0-8D11-00A0C91BC942}") = "MultiWindowRendering", "Examples\MultiWindowRendering\MultiWindowRendering.vcxproj", "{4BDE7CD3-560C-4D31-8F80-63B4AA94665A}"
	ProjectSection(ProjectDependencies) = postProject
		{A8F6DFB7-9E40-4653-AAD4-EDF5CD44CB84} = {A8F6DFB7-9E40-4653-AAD4-EDF5CD44CB84}
	EndProjectSection
EndProject
Project("{8BC9CEB8-8B4A-11D0-8D11-00A0C91BC942}") = "PongGame", "Examples\PongGame\PongGame.vcxproj", "{220EF61E-CD0F-4FEB-91FC-3D1609B5C25C}"
	ProjectSection(ProjectDependencies) = postProject
		{A8F6DFB7-9E40-4653-AAD4-EDF5CD44CB84} = {A8F6DFB7-9E40-4653-AAD4-EDF5CD44CB84}
	EndProjectSection
EndProject
Project("{8BC9CEB8-8B4A-11D0-8D11-00A0C91BC942}") = "PostProcessing", "Examples\PostProcessing\PostProcessing.vcxproj", "{E88B9063-535D-4C94-BA85-2E93BDC443F8}"
	ProjectSection(ProjectDependencies) = postProject
		{A8F6DFB7-9E40-4653-AAD4-EDF5CD44CB84} = {A8F6DFB7-9E40-4653-AAD4-EDF5CD44CB84}
	EndProjectSection
EndProject
Project("{8BC9CEB8-8B4A-11D0-8D11-00A0C91BC942}") = "SceneTest", "Examples\SceneTest\SceneTest.vcxproj", "{DC63563F-A223-4DED-8631-5D944C7F734F}"
	ProjectSection(ProjectDependencies) = postProject
		{60495A72-D14F-4FFA-A8A9-8C4AF3CF4FCE} = {60495A72-D14F-4FFA-A8A9-8C4AF3CF4FCE}
		{A8F6DFB7-9E40-4653-AAD4-EDF5CD44CB84} = {A8F6DFB7-9E40-4653-AAD4-EDF5CD44CB84}
	EndProjectSection
EndProject
Project("{8BC9CEB8-8B4A-11D0-8D11-00A0C91BC942}") = "SystemInfo", "Examples\SystemInfo\SystemInfo.vcxproj", "{05D1E0C2-0945-4391-AE63-E8A8EF80053D}"
	ProjectSection(ProjectDependencies) = postProject
		{A8F6DFB7-9E40-4653-AAD4-EDF5CD44CB84} = {A8F6DFB7-9E40-4653-AAD4-EDF5CD44CB84}
	EndProjectSection
EndProject
Project("{8BC9CEB8-8B4A-11D0-8D11-00A0C91BC942}") = "TextRendering", "Examples\TextRendering\TextRendering.vcxproj", "{A6FFF0FF-439E-4E36-9914-5782B5D181C9}"
	ProjectSection(ProjectDependencies) = postProject
		{A8F6DFB7-9E40-4653-AAD4-EDF5CD44CB84} = {A8F6DFB7-9E40-4653-AAD4-EDF5CD44CB84}
	EndProjectSection
EndProject
Project("{8BC9CEB8-8B4A-11D0-8D11-00A0C91BC942}") = "ImGui", "ImGui\ImGui.vcxproj", "{FA376707-4E80-4C73-BD63-54C97536E871}"
EndProject
Project("{8BC9CEB8-8B4A-11D0-8D11-00A0C91BC942}") = "World", "World\World.vcxproj", "{60495A72-D14F-4FFA-A8A9-8C4AF3CF4FCE}"
EndProject
Global
	GlobalSection(SolutionConfigurationPlatforms) = preSolution
		Debug|x64 = Debug|x64
		Release|x64 = Release|x64
	EndGlobalSection
	GlobalSection(ProjectConfigurationPlatforms) = postSolution
		{857BDEFF-24B2-4960-B68D-78E07A334118}.Debug|x64.ActiveCfg = Debug|x64
		{857BDEFF-24B2-4960-B68D-78E07A334118}.Debug|x64.Build.0 = Debug|x64
		{857BDEFF-24B2-4960-B68D-78E07A334118}.Release|x64.ActiveCfg = Release|x64
		{857BDEFF-24B2-4960-B68D-78E07A334118}.Release|x64.Build.0 = Release|x64
		{C96FEFC3-2B55-4E2F-98EA-8FA8EB420ECB}.Debug|x64.ActiveCfg = Debug|x64
		{C96FEFC3-2B55-4E2F-98EA-8FA8EB420ECB}.Debug|x64.Build.0 = Debug|x64
		{C96FEFC3-2B55-4E2F-98EA-8FA8EB420ECB}.Release|x64.ActiveCfg = Release|x64
		{C96FEFC3-2B55-4E2F-98EA-8FA8EB420ECB}.Release|x64.Build.0 = Release|x64
		{BEDB8E28-1C26-4BF0-81EB-1937F11907E2}.Debug|x64.ActiveCfg = Debug|x64
		{BEDB8E28-1C26-4BF0-81EB-1937F11907E2}.Debug|x64.Build.0 = Debug|x64
		{BEDB8E28-1C26-4BF0-81EB-1937F11907E2}.Release|x64.ActiveCfg = Release|x64
		{BEDB8E28-1C26-4BF0-81EB-1937F11907E2}.Release|x64.Build.0 = Release|x64
		{51802984-3AD1-44E8-9707-D6B59D70DB77}.Debug|x64.ActiveCfg = Debug|x64
		{51802984-3AD1-44E8-9707-D6B59D70DB77}.Debug|x64.Build.0 = Debug|x64
		{51802984-3AD1-44E8-9707-D6B59D70DB77}.Release|x64.ActiveCfg = Release|x64
		{51802984-3AD1-44E8-9707-D6B59D70DB77}.Release|x64.Build.0 = Release|x64
		{7F37FC2E-E741-419F-B9C0-1D1D5F6EDDC2}.Debug|x64.ActiveCfg = Debug|x64
		{7F37FC2E-E741-419F-B9C0-1D1D5F6EDDC2}.Debug|x64.Build.0 = Debug|x64
		{7F37FC2E-E741-419F-B9C0-1D1D5F6EDDC2}.Release|x64.ActiveCfg = Release|x64
		{7F37FC2E-E741-419F-B9C0-1D1D5F6EDDC2}.Release|x64.Build.0 = Release|x64
		{A8F6DFB7-9E40-4653-AAD4-EDF5CD44CB84}.Debug|x64.ActiveCfg = Debug|x64
		{A8F6DFB7-9E40-4653-AAD4-EDF5CD44CB84}.Debug|x64.Build.0 = Debug|x64
		{A8F6DFB7-9E40-4653-AAD4-EDF5CD44CB84}.Release|x64.ActiveCfg = Release|x64
		{A8F6DFB7-9E40-4653-AAD4-EDF5CD44CB84}.Release|x64.Build.0 = Release|x64
		{9971709F-D673-497A-8920-42F7A692989C}.Debug|x64.ActiveCfg = Debug|x64
		{9971709F-D673-497A-8920-42F7A692989C}.Debug|x64.Build.0 = Debug|x64
		{9971709F-D673-497A-8920-42F7A692989C}.Release|x64.ActiveCfg = Release|x64
		{9971709F-D673-497A-8920-42F7A692989C}.Release|x64.Build.0 = Release|x64
		{24CF7737-1B13-4C3D-8847-D9661D294FDE}.Debug|x64.ActiveCfg = Debug|x64
		{24CF7737-1B13-4C3D-8847-D9661D294FDE}.Debug|x64.Build.0 = Debug|x64
		{24CF7737-1B13-4C3D-8847-D9661D294FDE}.Release|x64.ActiveCfg = Release|x64
		{24CF7737-1B13-4C3D-8847-D9661D294FDE}.Release|x64.Build.0 = Release|x64
		{9E73A4F0-8E93-4FB0-AD94-FDFFEA78AA86}.Debug|x64.ActiveCfg = Debug|x64
		{9E73A4F0-8E93-4FB0-AD94-FDFFEA78AA86}.Debug|x64.Build.0 = Debug|x64
		{9E73A4F0-8E93-4FB0-AD94-FDFFEA78AA86}.Release|x64.ActiveCfg = Release|x64
		{9E73A4F0-8E93-4FB0-AD94-FDFFEA78AA86}.Release|x64.Build.0 = Release|x64
		{B674E6A3-3CD3-4A23-9EE3-7F34C2AAD450}.Debug|x64.ActiveCfg = Debug|x64
		{B674E6A3-3CD3-4A23-9EE3-7F34C2AAD450}.Debug|x64.Build.0 = Debug|x64
		{B674E6A3-3CD3-4A23-9EE3-7F34C2AAD450}.Release|x64.ActiveCfg = Release|x64
		{B674E6A3-3CD3-4A23-9EE3-7F34C2AAD450}.Release|x64.Build.0 = Release|x64
		{AD1468B9-35A7-4EB5-9AA8-E52CDA9E18E0}.Debug|x64.ActiveCfg = Debug|x64
		{AD1468B9-35A7-4EB5-9AA8-E52CDA9E18E0}.Debug|x64.Build.0 = Debug|x64
		{AD1468B9-35A7-4EB5-9AA8-E52CDA9E18E0}.Release|x64.ActiveCfg = Release|x64
		{AD1468B9-35A7-4EB5-9AA8-E52CDA9E18E0}.Release|x64.Build.0 = Release|x64
		{6A0181E3-1197-4480-AB02-DF882EF7DEFC}.Debug|x64.ActiveCfg = Debug|x64
		{6A0181E3-1197-4480-AB02-DF882EF7DEFC}.Debug|x64.Build.0 = Debug|x64
		{6A0181E3-1197-4480-AB02-DF882EF7DEFC}.Release|x64.ActiveCfg = Release|x64
		{6A0181E3-1197-4480-AB02-DF882EF7DEFC}.Release|x64.Build.0 = Release|x64
		{A270947F-78DE-4026-998F-4DC07A71D86F}.Debug|x64.ActiveCfg = Debug|x64
		{A270947F-78DE-4026-998F-4DC07A71D86F}.Debug|x64.Build.0 = Debug|x64
		{A270947F-78DE-4026-998F-4DC07A71D86F}.Release|x64.ActiveCfg = Release|x64
		{A270947F-78DE-4026-998F-4DC07A71D86F}.Release|x64.Build.0 = Release|x64
		{A61A1C0B-D43D-4488-A9B3-4F6763CB3745}.Debug|x64.ActiveCfg = Debug|x64
		{A61A1C0B-D43D-4488-A9B3-4F6763CB3745}.Debug|x64.Build.0 = Debug|x64
		{A61A1C0B-D43D-4488-A9B3-4F6763CB3745}.Release|x64.ActiveCfg = Release|x64
		{A61A1C0B-D43D-4488-A9B3-4F6763CB3745}.Release|x64.Build.0 = Release|x64
		{4BDE7CD3-560C-4D31-8F80-63B4AA94665A}.Debug|x64.ActiveCfg = Debug|x64
		{4BDE7CD3-560C-4D31-8F80-63B4AA94665A}.Debug|x64.Build.0 = Debug|x64
		{4BDE7CD3-560C-4D31-8F80-63B4AA94665A}.Release|x64.ActiveCfg = Release|x64
		{4BDE7CD3-560C-4D31-8F80-63B4AA94665A}.Release|x64.Build.0 = Release|x64
		{220EF61E-CD0F-4FEB-91FC-3D1609B5C25C}.Debug|x64.ActiveCfg = Debug|x64
		{220EF61E-CD0F-4FEB-91FC-3D1609B5C25C}.Debug|x64.Build.0 = Debug|x64
		{220EF61E-CD0F-4FEB-91FC-3D1609B5C25C}.Release|x64.ActiveCfg = Release|x64
		{220EF61E-CD0F-4FEB-91FC-3D1609B5C25C}.Release|x64.Build.0 = Release|x64
		{E88B9063-535D-4C94-BA85-2E93BDC443F8}.Debug|x64.ActiveCfg = Debug|x64
		{E88B9063-535D-4C94-BA85-2E93BDC443F8}.Debug|x64.Build.0 = Debug|x64
		{E88B9063-535D-4C94-BA85-2E93BDC443F8}.Release|x64.ActiveCfg = Release|x64
		{E88B9063-535D-4C94-BA85-2E93BDC443F8}.Release|x64.Build.0 = Release|x64
		{DC63563F-A223-4DED-8631-5D944C7F734F}.Debug|x64.ActiveCfg = Debug|x64
		{DC63563F-A223-4DED-8631-5D944C7F734F}.Debug|x64.Build.0 = Debug|x64
		{DC63563F-A223-4DED-8631-5D944C7F734F}.Release|x64.ActiveCfg = Release|x64
		{DC63563F-A223-4DED-8631-5D944C7F734F}.Release|x64.Build.0 = Release|x64
		{05D1E0C2-0945-4391-AE63-E8A8EF80053D}.Debug|x64.ActiveCfg = Debug|x64
		{05D1E0C2-0945-4391-AE63-E8A8EF80053D}.Debug|x64.Build.0 = Debug|x64
		{05D1E0C2-0945-4391-AE63-E8A8EF80053D}.Release|x64.ActiveCfg = Release|x64
		{05D1E0C2-0945-4391-AE63-E8A8EF80053D}.Release|x64.Build.0 = Release|x64
		{A6FFF0FF-439E-4E36-9914-5782B5D181C9}.Debug|x64.ActiveCfg = Debug|x64
		{A6FFF0FF-439E-4E36-9914-5782B5D181C9}.Debug|x64.Build.0 = Debug|x64
		{A6FFF0FF-439E-4E36-9914-5782B5D181C9}.Release|x64.ActiveCfg = Release|x64
		{A6FFF0FF-439E-4E36-9914-5782B5D181C9}.Release|x64.Build.0 = Release|x64
		{FA376707-4E80-4C73-BD63-54C97536E871}.Debug|x64.ActiveCfg = Debug|x64
		{FA376707-4E80-4C73-BD63-54C97536E871}.Debug|x64.Build.0 = Debug|x64
		{FA376707-4E80-4C73-BD63-54C97536E871}.Release|x64.ActiveCfg = Release|x64
		{FA376707-4E80-4C73-BD63-54C97536E871}.Release|x64.Build.0 = Release|x64
		{60495A72-D14F-4FFA-A8A9-8C4AF3CF4FCE}.Debug|x64.ActiveCfg = Debug|x64
		{60495A72-D14F-4FFA-A8A9-8C4AF3CF4FCE}.Debug|x64.Build.0 = Debug|x64
		{60495A72-D14F-4FFA-A8A9-8C4AF3CF4FCE}.Release|x64.ActiveCfg = Release|x64
		{60495A72-D14F-4FFA-A8A9-8C4AF3CF4FCE}.Release|x64.Build.0 = Release|x64
	EndGlobalSection
	GlobalSection(SolutionProperties) = preSolution
		HideSolutionNode = FALSE
	EndGlobalSection
	GlobalSection(NestedProjects) = preSolution
		{857BDEFF-24B2-4960-B68D-78E07A334118} = {C2AEF602-BEF7-422C-9B62-AAB63E527D47}
		{C96FEFC3-2B55-4E2F-98EA-8FA8EB420ECB} = {C2AEF602-BEF7-422C-9B62-AAB63E527D47}
		{237DBC77-05CD-49E6-B23F-FB6FD2E3B423} = {C2AEF602-BEF7-422C-9B62-AAB63E527D47}
		{BEDB8E28-1C26-4BF0-81EB-1937F11907E2} = {237DBC77-05CD-49E6-B23F-FB6FD2E3B423}
		{51802984-3AD1-44E8-9707-D6B59D70DB77} = {C2AEF602-BEF7-422C-9B62-AAB63E527D47}
		{7F37FC2E-E741-419F-B9C0-1D1D5F6EDDC2} = {C2AEF602-BEF7-422C-9B62-AAB63E527D47}
		{A8F6DFB7-9E40-4653-AAD4-EDF5CD44CB84} = {34661AE6-4F38-4758-93F4-83EE8D3D67CA}
		{9971709F-D673-497A-8920-42F7A692989C} = {34661AE6-4F38-4758-93F4-83EE8D3D67CA}
		{24CF7737-1B13-4C3D-8847-D9661D294FDE} = {34661AE6-4F38-4758-93F4-83EE8D3D67CA}
		{9E73A4F0-8E93-4FB0-AD94-FDFFEA78AA86} = {34661AE6-4F38-4758-93F4-83EE8D3D67CA}
		{B674E6A3-3CD3-4A23-9EE3-7F34C2AAD450} = {34661AE6-4F38-4758-93F4-83EE8D3D67CA}
		{AD1468B9-35A7-4EB5-9AA8-E52CDA9E18E0} = {34661AE6-4F38-4758-93F4-83EE8D3D67CA}
		{6A0181E3-1197-4480-AB02-DF882EF7DEFC} = {34661AE6-4F38-4758-93F4-83EE8D3D67CA}
		{A270947F-78DE-4026-998F-4DC07A71D86F} = {34661AE6-4F38-4758-93F4-83EE8D3D67CA}
		{A61A1C0B-D43D-4488-A9B3-4F6763CB3745} = {34661AE6-4F38-4758-93F4-83EE8D3D67CA}
		{4BDE7CD3-560C-4D31-8F80-63B4AA94665A} = {34661AE6-4F38-4758-93F4-83EE8D3D67CA}
		{220EF61E-CD0F-4FEB-91FC-3D1609B5C25C} = {34661AE6-4F38-4758-93F4-83EE8D3D67CA}
		{E88B9063-535D-4C94-BA85-2E93BDC443F8} = {34661AE6-4F38-4758-93F4-83EE8D3D67CA}
		{DC63563F-A223-4DED-8631-5D944C7F734F} = {34661AE6-4F38-4758-93F4-83EE8D3D67CA}
		{05D1E0C2-0945-4391-AE63-E8A8EF80053D} = {34661AE6-4F38-4758-93F4-83EE8D3D67CA}
		{A6FFF0FF-439E-4E36-9914-5782B5D181C9} = {34661AE6-4F38-4758-93F4-83EE8D3D67CA}
		{FA376707-4E80-4C73-BD63-54C97536E871} = {237DBC77-05CD-49E6-B23F-FB6FD2E3B423}
		{60495A72-D14F-4FFA-A8A9-8C4AF3CF4FCE} = {C2AEF602-BEF7-422C-9B62-AAB63E527D47}
	EndGlobalSection
	GlobalSection(ExtensibilityGlobals) = postSolution
		SolutionGuid = {01FC7C58-0C61-4C6E-8442-F1303E421FBE}
	EndGlobalSection
EndGlobal
